
Microsoft Visual Studio Solution File, Format Version 12.00
# Visual Studio Version 17
VisualStudioVersion = 17.1.32421.90
MinimumVisualStudioVersion = 10.0.40219.1
Project("{FAE04EC0-301F-11D3-BF4B-00C04F79EFBC}") = "SOLID DESIGN", "SOLID DESIGN.csproj", "{D119BACC-B527-486F-ACC6-059F328C810E}"
EndProject
Global
	GlobalSection(SolutionConfigurationPlatforms) = preSolution
		Debug|Any CPU = Debug|Any CPU
		Release|Any CPU = Release|Any CPU
	EndGlobalSection
	GlobalSection(ProjectConfigurationPlatforms) = postSolution
		{D119BACC-B527-486F-ACC6-059F328C810E}.Debug|Any CPU.ActiveCfg = Debug|Any CPU
		{D119BACC-B527-486F-ACC6-059F328C810E}.Debug|Any CPU.Build.0 = Debug|Any CPU
		{D119BACC-B527-486F-ACC6-059F328C810E}.Release|Any CPU.ActiveCfg = Release|Any CPU
		{D119BACC-B527-486F-ACC6-059F328C810E}.Release|Any CPU.Build.0 = Release|Any CPU
	EndGlobalSection
	GlobalSection(SolutionProperties) = preSolution
		HideSolutionNode = FALSE
	EndGlobalSection
	GlobalSection(ExtensibilityGlobals) = postSolution
		SolutionGuid = {8425C495-7D10-417B-AA80-21CB6D8770D1}
	EndGlobalSection
EndGlobal
